
Microsoft Visual Studio Solution File, Format Version 12.00
# Visual Studio Version 16
VisualStudioVersion = 16.0.33927.289
MinimumVisualStudioVersion = 10.0.40219.1
Project("{2150E333-8FDC-42A3-9474-1A3956D46DE8}") = "Task0", "Task0", "{F5163E6C-64EB-4704-B2B7-30745454DDC7}"
EndProject
Project("{FAE04EC0-301F-11D3-BF4B-00C04F79EFBC}") = "Tyuiu.BorisovaDS.Sprint5.Task0.V18", "Tyuiu.BorisovaDS.Sprint5.Task0.V18\Tyuiu.BorisovaDS.Sprint5.Task0.V18.csproj", "{1AE5717F-F24C-4913-A885-E7DD16E8CEEF}"
EndProject
Project("{FAE04EC0-301F-11D3-BF4B-00C04F79EFBC}") = "Tyuiu.BorisovaDS.Sprint5.Task0.V18.Lib", "Tyuiu.BorisovaDS.Sprint5.Task0.V18.Lib\Tyuiu.BorisovaDS.Sprint5.Task0.V18.Lib.csproj", "{5E422CB6-1934-4F5D-83D5-962C440C8849}"
EndProject
Project("{FAE04EC0-301F-11D3-BF4B-00C04F79EFBC}") = "Tyuiu.BorisovaDS.Sprint5.Task0.V18.Test", "Tyuiu.BorisovaDS.Sprint5.Task0.V18.Test\Tyuiu.BorisovaDS.Sprint5.Task0.V18.Test.csproj", "{72540CCD-6FEB-42DD-82E6-7EE7153C5598}"
EndProject
Project("{2150E333-8FDC-42A3-9474-1A3956D46DE8}") = "Task1", "Task1", "{984E3F78-A18B-4080-8919-C6637E9A6653}"
EndProject
Project("{FAE04EC0-301F-11D3-BF4B-00C04F79EFBC}") = "Tyuiu.BorisovaDS.Sprint5.Task1.V19", "Tyuiu.BorisovaDS.Sprint5.Task1.V19\Tyuiu.BorisovaDS.Sprint5.Task1.V19.csproj", "{A517D46E-0AFC-46B6-8CA1-5BA5D4DC4C70}"
EndProject
Project("{FAE04EC0-301F-11D3-BF4B-00C04F79EFBC}") = "Tyuiu.BorisovaDS.Sprint5.Task1.V19.Lib", "Tyuiu.BorisovaDS.Sprint5.Task1.V19.Lib\Tyuiu.BorisovaDS.Sprint5.Task1.V19.Lib.csproj", "{14284832-BDF2-419B-BE64-0CE2BAA25D4F}"
EndProject
Project("{FAE04EC0-301F-11D3-BF4B-00C04F79EFBC}") = "Tyuiu.BorisovaDS.Sprint5.Task1.V19.Test", "Tyuiu.BorisovaDS.Sprint5.Task1.V19.Test\Tyuiu.BorisovaDS.Sprint5.Task1.V19.Test.csproj", "{9D0FF2C1-F612-4AF5-9EB3-05553B7A9080}"
EndProject
Project("{2150E333-8FDC-42A3-9474-1A3956D46DE8}") = "Task2", "Task2", "{458BCFB0-D890-492F-92A9-0AFACD126058}"
EndProject
Project("{FAE04EC0-301F-11D3-BF4B-00C04F79EFBC}") = "Tyuiu.BorisovaDS.Sprint5.Task2.V6", "Tyuiu.BorisovaDS.Sprint5.Task2.V6\Tyuiu.BorisovaDS.Sprint5.Task2.V6.csproj", "{E6B8E698-5134-45E6-8DCD-11893469EDD0}"
EndProject
Project("{FAE04EC0-301F-11D3-BF4B-00C04F79EFBC}") = "Tyuiu.BorisovaDS.Sprint5.Task2.V6.Lib", "Tyuiu.BorisovaDS.Sprint5.Task2.V6.Lib\Tyuiu.BorisovaDS.Sprint5.Task2.V6.Lib.csproj", "{F5136312-E7E4-4358-BC7E-6C616FAFF159}"
EndProject
Project("{FAE04EC0-301F-11D3-BF4B-00C04F79EFBC}") = "Tyuiu.BorisovaDS.Sprint5.Task2.V6.Test", "Tyuiu.BorisovaDS.Sprint5.Task2.V6.Test\Tyuiu.BorisovaDS.Sprint5.Task2.V6.Test.csproj", "{3FBB202C-7007-40D1-B317-4091ED7C2FA6}"
EndProject
Project("{2150E333-8FDC-42A3-9474-1A3956D46DE8}") = "Task3", "Task3", "{76C2CB8D-579E-4733-B5B9-3C5880345EA0}"
EndProject
Project("{FAE04EC0-301F-11D3-BF4B-00C04F79EFBC}") = "Tyuiu.BorisovaDS.Sprint5.Task3.V6", "Tyuiu.BorisovaDS.Sprint5.Task3.V6\Tyuiu.BorisovaDS.Sprint5.Task3.V6.csproj", "{18687B4E-48A3-4D2C-804C-25090E4A4B69}"
EndProject
Project("{FAE04EC0-301F-11D3-BF4B-00C04F79EFBC}") = "Tyuiu.BorisovaDS.Sprint5.Task3.V6.Lib", "Tyuiu.BorisovaDS.Sprint5.Task3.V6.Lib\Tyuiu.BorisovaDS.Sprint5.Task3.V6.Lib.csproj", "{49D9F0E0-FEB7-49FC-ADF1-7663833D6AF2}"
EndProject
Project("{FAE04EC0-301F-11D3-BF4B-00C04F79EFBC}") = "Tyuiu.BorisovaDS.Sprint5.Task3.V6.Test", "Tyuiu.BorisovaDS.Sprint5.Task3.V6.Test\Tyuiu.BorisovaDS.Sprint5.Task3.V6.Test.csproj", "{666511DD-303F-4E34-B3AF-4BDB3CD3C829}"
EndProject
Project("{2150E333-8FDC-42A3-9474-1A3956D46DE8}") = "Task4", "Task4", "{9260CE6B-57D1-4775-9A26-B21CACA5F340}"
EndProject
Project("{FAE04EC0-301F-11D3-BF4B-00C04F79EFBC}") = "Tyuiu.BorisovaDS.Sprint5.Task4.V3", "Tyuiu.BorisovaDS.Sprint5.Task4.V3\Tyuiu.BorisovaDS.Sprint5.Task4.V3.csproj", "{F1D3096F-8D65-4C37-A01F-896B91D029B9}"
EndProject
Project("{FAE04EC0-301F-11D3-BF4B-00C04F79EFBC}") = "Tyuiu.BorisovaDS.Sprint5.Task4.V3.Lib", "Tyuiu.BorisovaDS.Sprint5.Task4.V3.Lib\Tyuiu.BorisovaDS.Sprint5.Task4.V3.Lib.csproj", "{CA9BE056-50F7-4CE2-8E73-672236D8F12D}"
EndProject
Project("{FAE04EC0-301F-11D3-BF4B-00C04F79EFBC}") = "Tyuiu.BorisovaDS.Sprint5.Task4.V3.Test", "Tyuiu.BorisovaDS.Sprint5.Task4.V3.Test\Tyuiu.BorisovaDS.Sprint5.Task4.V3.Test.csproj", "{165CA24D-BD66-403B-BCD8-5BB21D365108}"
EndProject
Project("{2150E333-8FDC-42A3-9474-1A3956D46DE8}") = "Task5", "Task5", "{F69CB692-F383-427E-A7FC-BA409446C8F4}"
EndProject
Project("{FAE04EC0-301F-11D3-BF4B-00C04F79EFBC}") = "Tyuiu.BorisovaDS.Sprint5.Task5.V4", "Tyuiu.BorisovaDS.Sprint5.Task5.V4\Tyuiu.BorisovaDS.Sprint5.Task5.V4.csproj", "{CB699087-4222-41A9-A3F8-CEC6D1A408B9}"
EndProject
Project("{FAE04EC0-301F-11D3-BF4B-00C04F79EFBC}") = "Tyuiu.BorisovaDS.Sprint5.Task5.V4.Lib", "Tyuiu.BorisovaDS.Sprint5.Task5.V4.Lib\Tyuiu.BorisovaDS.Sprint5.Task5.V4.Lib.csproj", "{8ACD8A3E-6A78-4025-84C6-3DCF2215AE87}"
EndProject
Project("{FAE04EC0-301F-11D3-BF4B-00C04F79EFBC}") = "Tyuiu.BorisovaDS.Sprint5.Task5.V4.Test", "Tyuiu.BorisovaDS.Sprint5.Task5.V4.Test\Tyuiu.BorisovaDS.Sprint5.Task5.V4.Test.csproj", "{DA0EB147-FD8E-45FB-A515-B7A8B2F6FE40}"
EndProject
Project("{2150E333-8FDC-42A3-9474-1A3956D46DE8}") = "Task6", "Task6", "{4A43F553-8E93-40DD-9AA6-DAF713245CA4}"
EndProject
Project("{FAE04EC0-301F-11D3-BF4B-00C04F79EFBC}") = "Tyuiu.BorisovaDS.Sprint5.Task6.V3", "Tyuiu.BorisovaDS.Sprint5.Task6.V3\Tyuiu.BorisovaDS.Sprint5.Task6.V3.csproj", "{2D032E52-C1D9-4A24-9F4D-CD47DC759210}"
EndProject
Project("{FAE04EC0-301F-11D3-BF4B-00C04F79EFBC}") = "Tyuiu.BorisovaDS.Sprint5.Task6.V3.Lib", "Tyuiu.BorisovaDS.Sprint5.Task6.V3.Lib\Tyuiu.BorisovaDS.Sprint5.Task6.V3.Lib.csproj", "{1CF5E75B-CDEA-4633-9021-FAC6761F92DE}"
EndProject
Project("{FAE04EC0-301F-11D3-BF4B-00C04F79EFBC}") = "Tyuiu.BorisovaDS.Sprint5.Task6.V3.Test", "Tyuiu.BorisovaDS.Sprint5.Task6.V3.Test\Tyuiu.BorisovaDS.Sprint5.Task6.V3.Test.csproj", "{6E238685-E228-403B-8553-B3F84473175B}"
EndProject
Project("{2150E333-8FDC-42A3-9474-1A3956D46DE8}") = "Task7", "Task7", "{82D3ED38-CF17-49CD-9487-F8701F6712A6}"
EndProject
Project("{FAE04EC0-301F-11D3-BF4B-00C04F79EFBC}") = "Tyuiu.BorisovaDS.Sprint5.Task7.V5", "Tyuiu.BorisovaDS.Sprint5.Task7.V5\Tyuiu.BorisovaDS.Sprint5.Task7.V5.csproj", "{937701D6-03AC-46AA-B6B0-F5366B1A7C88}"
EndProject
Project("{FAE04EC0-301F-11D3-BF4B-00C04F79EFBC}") = "Tyuiu.BorisovaDS.Sprint5.Task7.V5.Lib", "Tyuiu.BorisovaDS.Sprint5.Task7.V5.Lib\Tyuiu.BorisovaDS.Sprint5.Task7.V5.Lib.csproj", "{58199343-4642-4ACB-A4C8-B8759F4C73A7}"
EndProject
Project("{FAE04EC0-301F-11D3-BF4B-00C04F79EFBC}") = "Tyuiu.BorisovaDS.Sprint5.Task7.V5.Test", "Tyuiu.BorisovaDS.Sprint5.Task7.V5.Test\Tyuiu.BorisovaDS.Sprint5.Task7.V5.Test.csproj", "{9CC8046C-07A2-4514-A2D9-EBC3171F7467}"
EndProject
Global
	GlobalSection(SolutionConfigurationPlatforms) = preSolution
		Debug|Any CPU = Debug|Any CPU
		Release|Any CPU = Release|Any CPU
	EndGlobalSection
	GlobalSection(ProjectConfigurationPlatforms) = postSolution
		{1AE5717F-F24C-4913-A885-E7DD16E8CEEF}.Debug|Any CPU.ActiveCfg = Debug|Any CPU
		{1AE5717F-F24C-4913-A885-E7DD16E8CEEF}.Debug|Any CPU.Build.0 = Debug|Any CPU
		{1AE5717F-F24C-4913-A885-E7DD16E8CEEF}.Release|Any CPU.ActiveCfg = Release|Any CPU
		{1AE5717F-F24C-4913-A885-E7DD16E8CEEF}.Release|Any CPU.Build.0 = Release|Any CPU
		{5E422CB6-1934-4F5D-83D5-962C440C8849}.Debug|Any CPU.ActiveCfg = Debug|Any CPU
		{5E422CB6-1934-4F5D-83D5-962C440C8849}.Debug|Any CPU.Build.0 = Debug|Any CPU
		{5E422CB6-1934-4F5D-83D5-962C440C8849}.Release|Any CPU.ActiveCfg = Release|Any CPU
		{5E422CB6-1934-4F5D-83D5-962C440C8849}.Release|Any CPU.Build.0 = Release|Any CPU
		{72540CCD-6FEB-42DD-82E6-7EE7153C5598}.Debug|Any CPU.ActiveCfg = Debug|Any CPU
		{72540CCD-6FEB-42DD-82E6-7EE7153C5598}.Debug|Any CPU.Build.0 = Debug|Any CPU
		{72540CCD-6FEB-42DD-82E6-7EE7153C5598}.Release|Any CPU.ActiveCfg = Release|Any CPU
		{72540CCD-6FEB-42DD-82E6-7EE7153C5598}.Release|Any CPU.Build.0 = Release|Any CPU
		{A517D46E-0AFC-46B6-8CA1-5BA5D4DC4C70}.Debug|Any CPU.ActiveCfg = Debug|Any CPU
		{A517D46E-0AFC-46B6-8CA1-5BA5D4DC4C70}.Debug|Any CPU.Build.0 = Debug|Any CPU
		{A517D46E-0AFC-46B6-8CA1-5BA5D4DC4C70}.Release|Any CPU.ActiveCfg = Release|Any CPU
		{A517D46E-0AFC-46B6-8CA1-5BA5D4DC4C70}.Release|Any CPU.Build.0 = Release|Any CPU
		{14284832-BDF2-419B-BE64-0CE2BAA25D4F}.Debug|Any CPU.ActiveCfg = Debug|Any CPU
		{14284832-BDF2-419B-BE64-0CE2BAA25D4F}.Debug|Any CPU.Build.0 = Debug|Any CPU
		{14284832-BDF2-419B-BE64-0CE2BAA25D4F}.Release|Any CPU.ActiveCfg = Release|Any CPU
		{14284832-BDF2-419B-BE64-0CE2BAA25D4F}.Release|Any CPU.Build.0 = Release|Any CPU
		{9D0FF2C1-F612-4AF5-9EB3-05553B7A9080}.Debug|Any CPU.ActiveCfg = Debug|Any CPU
		{9D0FF2C1-F612-4AF5-9EB3-05553B7A9080}.Debug|Any CPU.Build.0 = Debug|Any CPU
		{9D0FF2C1-F612-4AF5-9EB3-05553B7A9080}.Release|Any CPU.ActiveCfg = Release|Any CPU
		{9D0FF2C1-F612-4AF5-9EB3-05553B7A9080}.Release|Any CPU.Build.0 = Release|Any CPU
		{E6B8E698-5134-45E6-8DCD-11893469EDD0}.Debug|Any CPU.ActiveCfg = Debug|Any CPU
		{E6B8E698-5134-45E6-8DCD-11893469EDD0}.Debug|Any CPU.Build.0 = Debug|Any CPU
		{E6B8E698-5134-45E6-8DCD-11893469EDD0}.Release|Any CPU.ActiveCfg = Release|Any CPU
		{E6B8E698-5134-45E6-8DCD-11893469EDD0}.Release|Any CPU.Build.0 = Release|Any CPU
		{F5136312-E7E4-4358-BC7E-6C616FAFF159}.Debug|Any CPU.ActiveCfg = Debug|Any CPU
		{F5136312-E7E4-4358-BC7E-6C616FAFF159}.Debug|Any CPU.Build.0 = Debug|Any CPU
		{F5136312-E7E4-4358-BC7E-6C616FAFF159}.Release|Any CPU.ActiveCfg = Release|Any CPU
		{F5136312-E7E4-4358-BC7E-6C616FAFF159}.Release|Any CPU.Build.0 = Release|Any CPU
		{3FBB202C-7007-40D1-B317-4091ED7C2FA6}.Debug|Any CPU.ActiveCfg = Debug|Any CPU
		{3FBB202C-7007-40D1-B317-4091ED7C2FA6}.Debug|Any CPU.Build.0 = Debug|Any CPU
		{3FBB202C-7007-40D1-B317-4091ED7C2FA6}.Release|Any CPU.ActiveCfg = Release|Any CPU
		{3FBB202C-7007-40D1-B317-4091ED7C2FA6}.Release|Any CPU.Build.0 = Release|Any CPU
		{18687B4E-48A3-4D2C-804C-25090E4A4B69}.Debug|Any CPU.ActiveCfg = Debug|Any CPU
		{18687B4E-48A3-4D2C-804C-25090E4A4B69}.Debug|Any CPU.Build.0 = Debug|Any CPU
		{18687B4E-48A3-4D2C-804C-25090E4A4B69}.Release|Any CPU.ActiveCfg = Release|Any CPU
		{18687B4E-48A3-4D2C-804C-25090E4A4B69}.Release|Any CPU.Build.0 = Release|Any CPU
		{49D9F0E0-FEB7-49FC-ADF1-7663833D6AF2}.Debug|Any CPU.ActiveCfg = Debug|Any CPU
		{49D9F0E0-FEB7-49FC-ADF1-7663833D6AF2}.Debug|Any CPU.Build.0 = Debug|Any CPU
		{49D9F0E0-FEB7-49FC-ADF1-7663833D6AF2}.Release|Any CPU.ActiveCfg = Release|Any CPU
		{49D9F0E0-FEB7-49FC-ADF1-7663833D6AF2}.Release|Any CPU.Build.0 = Release|Any CPU
		{666511DD-303F-4E34-B3AF-4BDB3CD3C829}.Debug|Any CPU.ActiveCfg = Debug|Any CPU
		{666511DD-303F-4E34-B3AF-4BDB3CD3C829}.Debug|Any CPU.Build.0 = Debug|Any CPU
		{666511DD-303F-4E34-B3AF-4BDB3CD3C829}.Release|Any CPU.ActiveCfg = Release|Any CPU
		{666511DD-303F-4E34-B3AF-4BDB3CD3C829}.Release|Any CPU.Build.0 = Release|Any CPU
		{F1D3096F-8D65-4C37-A01F-896B91D029B9}.Debug|Any CPU.ActiveCfg = Debug|Any CPU
		{F1D3096F-8D65-4C37-A01F-896B91D029B9}.Debug|Any CPU.Build.0 = Debug|Any CPU
		{F1D3096F-8D65-4C37-A01F-896B91D029B9}.Release|Any CPU.ActiveCfg = Release|Any CPU
		{F1D3096F-8D65-4C37-A01F-896B91D029B9}.Release|Any CPU.Build.0 = Release|Any CPU
		{CA9BE056-50F7-4CE2-8E73-672236D8F12D}.Debug|Any CPU.ActiveCfg = Debug|Any CPU
		{CA9BE056-50F7-4CE2-8E73-672236D8F12D}.Debug|Any CPU.Build.0 = Debug|Any CPU
		{CA9BE056-50F7-4CE2-8E73-672236D8F12D}.Release|Any CPU.ActiveCfg = Release|Any CPU
		{CA9BE056-50F7-4CE2-8E73-672236D8F12D}.Release|Any CPU.Build.0 = Release|Any CPU
		{165CA24D-BD66-403B-BCD8-5BB21D365108}.Debug|Any CPU.ActiveCfg = Debug|Any CPU
		{165CA24D-BD66-403B-BCD8-5BB21D365108}.Debug|Any CPU.Build.0 = Debug|Any CPU
		{165CA24D-BD66-403B-BCD8-5BB21D365108}.Release|Any CPU.ActiveCfg = Release|Any CPU
		{165CA24D-BD66-403B-BCD8-5BB21D365108}.Release|Any CPU.Build.0 = Release|Any CPU
		{CB699087-4222-41A9-A3F8-CEC6D1A408B9}.Debug|Any CPU.ActiveCfg = Debug|Any CPU
		{CB699087-4222-41A9-A3F8-CEC6D1A408B9}.Debug|Any CPU.Build.0 = Debug|Any CPU
		{CB699087-4222-41A9-A3F8-CEC6D1A408B9}.Release|Any CPU.ActiveCfg = Release|Any CPU
		{CB699087-4222-41A9-A3F8-CEC6D1A408B9}.Release|Any CPU.Build.0 = Release|Any CPU
		{8ACD8A3E-6A78-4025-84C6-3DCF2215AE87}.Debug|Any CPU.ActiveCfg = Debug|Any CPU
		{8ACD8A3E-6A78-4025-84C6-3DCF2215AE87}.Debug|Any CPU.Build.0 = Debug|Any CPU
		{8ACD8A3E-6A78-4025-84C6-3DCF2215AE87}.Release|Any CPU.ActiveCfg = Release|Any CPU
		{8ACD8A3E-6A78-4025-84C6-3DCF2215AE87}.Release|Any CPU.Build.0 = Release|Any CPU
		{DA0EB147-FD8E-45FB-A515-B7A8B2F6FE40}.Debug|Any CPU.ActiveCfg = Debug|Any CPU
		{DA0EB147-FD8E-45FB-A515-B7A8B2F6FE40}.Debug|Any CPU.Build.0 = Debug|Any CPU
		{DA0EB147-FD8E-45FB-A515-B7A8B2F6FE40}.Release|Any CPU.ActiveCfg = Release|Any CPU
		{DA0EB147-FD8E-45FB-A515-B7A8B2F6FE40}.Release|Any CPU.Build.0 = Release|Any CPU
		{2D032E52-C1D9-4A24-9F4D-CD47DC759210}.Debug|Any CPU.ActiveCfg = Debug|Any CPU
		{2D032E52-C1D9-4A24-9F4D-CD47DC759210}.Debug|Any CPU.Build.0 = Debug|Any CPU
		{2D032E52-C1D9-4A24-9F4D-CD47DC759210}.Release|Any CPU.ActiveCfg = Release|Any CPU
		{2D032E52-C1D9-4A24-9F4D-CD47DC759210}.Release|Any CPU.Build.0 = Release|Any CPU
		{1CF5E75B-CDEA-4633-9021-FAC6761F92DE}.Debug|Any CPU.ActiveCfg = Debug|Any CPU
		{1CF5E75B-CDEA-4633-9021-FAC6761F92DE}.Debug|Any CPU.Build.0 = Debug|Any CPU
		{1CF5E75B-CDEA-4633-9021-FAC6761F92DE}.Release|Any CPU.ActiveCfg = Release|Any CPU
		{1CF5E75B-CDEA-4633-9021-FAC6761F92DE}.Release|Any CPU.Build.0 = Release|Any CPU
		{6E238685-E228-403B-8553-B3F84473175B}.Debug|Any CPU.ActiveCfg = Debug|Any CPU
		{6E238685-E228-403B-8553-B3F84473175B}.Debug|Any CPU.Build.0 = Debug|Any CPU
		{6E238685-E228-403B-8553-B3F84473175B}.Release|Any CPU.ActiveCfg = Release|Any CPU
		{6E238685-E228-403B-8553-B3F84473175B}.Release|Any CPU.Build.0 = Release|Any CPU
		{937701D6-03AC-46AA-B6B0-F5366B1A7C88}.Debug|Any CPU.ActiveCfg = Debug|Any CPU
		{937701D6-03AC-46AA-B6B0-F5366B1A7C88}.Debug|Any CPU.Build.0 = Debug|Any CPU
		{937701D6-03AC-46AA-B6B0-F5366B1A7C88}.Release|Any CPU.ActiveCfg = Release|Any CPU
		{937701D6-03AC-46AA-B6B0-F5366B1A7C88}.Release|Any CPU.Build.0 = Release|Any CPU
		{58199343-4642-4ACB-A4C8-B8759F4C73A7}.Debug|Any CPU.ActiveCfg = Debug|Any CPU
		{58199343-4642-4ACB-A4C8-B8759F4C73A7}.Debug|Any CPU.Build.0 = Debug|Any CPU
		{58199343-4642-4ACB-A4C8-B8759F4C73A7}.Release|Any CPU.ActiveCfg = Release|Any CPU
		{58199343-4642-4ACB-A4C8-B8759F4C73A7}.Release|Any CPU.Build.0 = Release|Any CPU
		{9CC8046C-07A2-4514-A2D9-EBC3171F7467}.Debug|Any CPU.ActiveCfg = Debug|Any CPU
		{9CC8046C-07A2-4514-A2D9-EBC3171F7467}.Debug|Any CPU.Build.0 = Debug|Any CPU
		{9CC8046C-07A2-4514-A2D9-EBC3171F7467}.Release|Any CPU.ActiveCfg = Release|Any CPU
		{9CC8046C-07A2-4514-A2D9-EBC3171F7467}.Release|Any CPU.Build.0 = Release|Any CPU
	EndGlobalSection
	GlobalSection(SolutionProperties) = preSolution
		HideSolutionNode = FALSE
	EndGlobalSection
	GlobalSection(NestedProjects) = preSolution
		{1AE5717F-F24C-4913-A885-E7DD16E8CEEF} = {F5163E6C-64EB-4704-B2B7-30745454DDC7}
		{5E422CB6-1934-4F5D-83D5-962C440C8849} = {F5163E6C-64EB-4704-B2B7-30745454DDC7}
		{72540CCD-6FEB-42DD-82E6-7EE7153C5598} = {F5163E6C-64EB-4704-B2B7-30745454DDC7}
		{A517D46E-0AFC-46B6-8CA1-5BA5D4DC4C70} = {984E3F78-A18B-4080-8919-C6637E9A6653}
		{14284832-BDF2-419B-BE64-0CE2BAA25D4F} = {984E3F78-A18B-4080-8919-C6637E9A6653}
		{9D0FF2C1-F612-4AF5-9EB3-05553B7A9080} = {984E3F78-A18B-4080-8919-C6637E9A6653}
		{E6B8E698-5134-45E6-8DCD-11893469EDD0} = {458BCFB0-D890-492F-92A9-0AFACD126058}
		{F5136312-E7E4-4358-BC7E-6C616FAFF159} = {458BCFB0-D890-492F-92A9-0AFACD126058}
		{3FBB202C-7007-40D1-B317-4091ED7C2FA6} = {458BCFB0-D890-492F-92A9-0AFACD126058}
		{18687B4E-48A3-4D2C-804C-25090E4A4B69} = {76C2CB8D-579E-4733-B5B9-3C5880345EA0}
		{49D9F0E0-FEB7-49FC-ADF1-7663833D6AF2} = {76C2CB8D-579E-4733-B5B9-3C5880345EA0}
		{666511DD-303F-4E34-B3AF-4BDB3CD3C829} = {76C2CB8D-579E-4733-B5B9-3C5880345EA0}
		{F1D3096F-8D65-4C37-A01F-896B91D029B9} = {9260CE6B-57D1-4775-9A26-B21CACA5F340}
		{CA9BE056-50F7-4CE2-8E73-672236D8F12D} = {9260CE6B-57D1-4775-9A26-B21CACA5F340}
		{165CA24D-BD66-403B-BCD8-5BB21D365108} = {9260CE6B-57D1-4775-9A26-B21CACA5F340}
		{CB699087-4222-41A9-A3F8-CEC6D1A408B9} = {F69CB692-F383-427E-A7FC-BA409446C8F4}
		{8ACD8A3E-6A78-4025-84C6-3DCF2215AE87} = {F69CB692-F383-427E-A7FC-BA409446C8F4}
		{DA0EB147-FD8E-45FB-A515-B7A8B2F6FE40} = {F69CB692-F383-427E-A7FC-BA409446C8F4}
		{2D032E52-C1D9-4A24-9F4D-CD47DC759210} = {4A43F553-8E93-40DD-9AA6-DAF713245CA4}
		{1CF5E75B-CDEA-4633-9021-FAC6761F92DE} = {4A43F553-8E93-40DD-9AA6-DAF713245CA4}
		{6E238685-E228-403B-8553-B3F84473175B} = {4A43F553-8E93-40DD-9AA6-DAF713245CA4}
		{937701D6-03AC-46AA-B6B0-F5366B1A7C88} = {82D3ED38-CF17-49CD-9487-F8701F6712A6}
		{58199343-4642-4ACB-A4C8-B8759F4C73A7} = {82D3ED38-CF17-49CD-9487-F8701F6712A6}
		{9CC8046C-07A2-4514-A2D9-EBC3171F7467} = {82D3ED38-CF17-49CD-9487-F8701F6712A6}
	EndGlobalSection
	GlobalSection(ExtensibilityGlobals) = postSolution
		SolutionGuid = {3AF28FD9-990A-4FB5-B53B-006294682342}
	EndGlobalSection
EndGlobal
